
Microsoft Visual Studio Solution File, Format Version 12.00
# Visual Studio Version 16
VisualStudioVersion = 16.0.29613.14
MinimumVisualStudioVersion = 10.0.40219.1
Project("{FAE04EC0-301F-11D3-BF4B-00C04F79EFBC}") = "HelloCoreMVC", "HelloCoreMVC\HelloCoreMVC.csproj", "{B4C4E7E0-FC78-4985-A7D8-59E3B19A54E1}"
EndProject
Global
	GlobalSection(SolutionConfigurationPlatforms) = preSolution
		Debug|Any CPU = Debug|Any CPU
		Release|Any CPU = Release|Any CPU
	EndGlobalSection
	GlobalSection(ProjectConfigurationPlatforms) = postSolution
		{B4C4E7E0-FC78-4985-A7D8-59E3B19A54E1}.Debug|Any CPU.ActiveCfg = Debug|Any CPU
		{B4C4E7E0-FC78-4985-A7D8-59E3B19A54E1}.Debug|Any CPU.Build.0 = Debug|Any CPU
		{B4C4E7E0-FC78-4985-A7D8-59E3B19A54E1}.Release|Any CPU.ActiveCfg = Release|Any CPU
		{B4C4E7E0-FC78-4985-A7D8-59E3B19A54E1}.Release|Any CPU.Build.0 = Release|Any CPU
	EndGlobalSection
	GlobalSection(SolutionProperties) = preSolution
		HideSolutionNode = FALSE
	EndGlobalSection
	GlobalSection(ExtensibilityGlobals) = postSolution
		SolutionGuid = {996B8E7C-DF18-48E1-BF1E-10CC9EFFA909}
	EndGlobalSection
EndGlobal
